{
  "name": "mrm-task-travis",
  "version": "4.0.0",
  "lockfileVersion": 1,
  "requires": true,
  "dependencies": {
    "extend-shallow": {
      "version": "2.0.1",
      "resolved": "https://registry.npmjs.org/extend-shallow/-/extend-shallow-2.0.1.tgz",
      "integrity": "sha1-Ua99YUrZqfYQ6huvu5idaxxWiQ8=",
      "requires": {
        "is-extendable": "^0.1.0"
      }
    },
    "fs-exists-sync": {
      "version": "0.1.0",
      "resolved": "https://registry.npmjs.org/fs-exists-sync/-/fs-exists-sync-0.1.0.tgz",
      "integrity": "sha1-mC1ok6+RjnLQjeyehnP/K1qNat0="
    },
    "git-config-path": {
      "version": "1.0.1",
      "resolved": "https://registry.npmjs.org/git-config-path/-/git-config-path-1.0.1.tgz",
      "integrity": "sha1-bTP37WPbDQ4RgTFQO6s6ykfVRmQ=",
      "requires": {
        "extend-shallow": "^2.0.1",
        "fs-exists-sync": "^0.1.0",
        "homedir-polyfill": "^1.0.0"
      }
    },
    "git-username": {
      "version": "1.0.0",
      "resolved": "https://registry.npmjs.org/git-username/-/git-username-1.0.0.tgz",
      "integrity": "sha512-xm45KwBR6Eu1jO4umx/o2M84v9TC7tdOBuzLx8ayhdR9H1FBiiG9azz31uC0esDvaWVBTDINpJ5USomk+ja8OQ==",
      "requires": {
        "parse-github-url": "^1.0.2",
        "remote-origin-url": "^1.0.0"
      }
    },
    "homedir-polyfill": {
      "version": "1.0.1",
      "resolved": "https://registry.npmjs.org/homedir-polyfill/-/homedir-polyfill-1.0.1.tgz",
      "integrity": "sha1-TCu8inWJmP7r9e1oWA921GdotLw=",
      "requires": {
        "parse-passwd": "^1.0.0"
      }
    },
    "ini": {
      "version": "1.3.8",
      "resolved": "https://registry.npmjs.org/ini/-/ini-1.3.8.tgz",
      "integrity": "sha512-JV/yugV2uzW5iMRSiZAyDtQd+nxtUnjeLt0acNdw98kKLrvuRVyB80tsREOE7yvGVgalhZ6RNXCmEHkUKBKxew=="
    },
    "is-extendable": {
      "version": "0.1.1",
      "resolved": "https://registry.npmjs.org/is-extendable/-/is-extendable-0.1.1.tgz",
      "integrity": "sha1-YrEQ4omkcUGOPsNqYX1HLjAd/Ik="
    },
    "lodash": {
      "version": "4.17.19",
      "resolved": "https://registry.npmjs.org/lodash/-/lodash-4.17.19.tgz",
      "integrity": "sha512-JNvd8XER9GQX0v2qJgsaN/mzFCNA5BRe/j8JN9d+tWyGLSodKQHKFicdwNYzWwI3wjRnaKPsGj1XkBjx/F96DQ=="
    },
    "package-repo-url": {
      "version": "1.0.3",
      "resolved": "https://registry.npmjs.org/package-repo-url/-/package-repo-url-1.0.3.tgz",
      "integrity": "sha512-DcoCnScztg2NJ2JmVgdJT7b7uMaYCcQFQiq6/AXv1yNwYm5EloCKXNQJOXLYKBAkJzto6SIejkHOWz4uvCfRAA==",
      "requires": {
        "git-username": "^1.0.0"
      }
    },
    "parse-git-config": {
      "version": "1.1.1",
      "resolved": "https://registry.npmjs.org/parse-git-config/-/parse-git-config-1.1.1.tgz",
      "integrity": "sha1-06mYQxcTL1c5hxK7pDjhKVkN34w=",
      "requires": {
        "extend-shallow": "^2.0.1",
        "fs-exists-sync": "^0.1.0",
        "git-config-path": "^1.0.1",
        "ini": "^1.3.4"
      }
    },
    "parse-github-url": {
      "version": "1.0.2",
      "resolved": "https://registry.npmjs.org/parse-github-url/-/parse-github-url-1.0.2.tgz",
      "integrity": "sha512-kgBf6avCbO3Cn6+RnzRGLkUsv4ZVqv/VfAYkRsyBcgkshNvVBkRn1FEZcW0Jb+npXQWm2vHPnnOqFteZxRRGNw=="
    },
    "parse-passwd": {
      "version": "1.0.0",
      "resolved": "https://registry.npmjs.org/parse-passwd/-/parse-passwd-1.0.0.tgz",
      "integrity": "sha1-bVuTSkVpk7I9N/QKOC1vFmao5cY="
    },
    "remote-origin-url": {
      "version": "1.0.0",
      "resolved": "https://registry.npmjs.org/remote-origin-url/-/remote-origin-url-1.0.0.tgz",
      "integrity": "sha512-xHDM6IBqivpiQ1e4WOuFpM/T6rbzA/WBsu+3WLtgPOhHyjA0nYlijV3NprlTb4FcXlQ5+Q+z174sQ1NnUF5FwA==",
      "requires": {
        "parse-git-config": "^1.1.1"
      }
    },
    "semver-utils": {
      "version": "1.1.4",
      "resolved": "https://registry.npmjs.org/semver-utils/-/semver-utils-1.1.4.tgz",
      "integrity": "sha512-EjnoLE5OGmDAVV/8YDoN5KiajNadjzIp9BAHOhYeQHt7j0UWxjmgsx4YD48wp4Ue1Qogq38F1GNUJNqF1kKKxA=="
    }
  }
}
