{
	"name": "mrm-task-package",
	"version": "4.1.4",
	"lockfileVersion": 2,
	"requires": true,
	"packages": {
		"": {
			"name": "mrm-task-package",
			"version": "4.1.3",
			"license": "MIT",
			"dependencies": {
				"git-username": "^1.0.0",
				"rc": "^1.2.8",
				"user-meta": "^1.0.0"
			},
			"engines": {
				"node": ">=10.13"
			}
		},
		"node_modules/deep-extend": {
			"version": "0.6.0",
			"resolved": "https://registry.npmjs.org/deep-extend/-/deep-extend-0.6.0.tgz",
			"integrity": "sha512-LOHxIOaPYdHlJRtCQfDIVZtfw/ufM8+rVj649RIHzcm/vGwQRXFt6OPqIFWsm2XEMrNIEtWR64sY1LEKD2vAOA==",
			"engines": {
				"node": ">=4.0.0"
			}
		},
		"node_modules/extend-shallow": {
			"version": "2.0.1",
			"resolved": "https://registry.npmjs.org/extend-shallow/-/extend-shallow-2.0.1.tgz",
			"integrity": "sha1-Ua99YUrZqfYQ6huvu5idaxxWiQ8=",
			"dependencies": {
				"is-extendable": "^0.1.0"
			},
			"engines": {
				"node": ">=0.10.0"
			}
		},
		"node_modules/fs-exists-sync": {
			"version": "0.1.0",
			"resolved": "https://registry.npmjs.org/fs-exists-sync/-/fs-exists-sync-0.1.0.tgz",
			"integrity": "sha1-mC1ok6+RjnLQjeyehnP/K1qNat0=",
			"engines": {
				"node": ">=0.10.0"
			}
		},
		"node_modules/git-config-path": {
			"version": "1.0.1",
			"resolved": "https://registry.npmjs.org/git-config-path/-/git-config-path-1.0.1.tgz",
			"integrity": "sha1-bTP37WPbDQ4RgTFQO6s6ykfVRmQ=",
			"dependencies": {
				"extend-shallow": "^2.0.1",
				"fs-exists-sync": "^0.1.0",
				"homedir-polyfill": "^1.0.0"
			},
			"engines": {
				"node": ">=0.10.0"
			}
		},
		"node_modules/git-username": {
			"version": "1.0.0",
			"resolved": "https://registry.npmjs.org/git-username/-/git-username-1.0.0.tgz",
			"integrity": "sha512-xm45KwBR6Eu1jO4umx/o2M84v9TC7tdOBuzLx8ayhdR9H1FBiiG9azz31uC0esDvaWVBTDINpJ5USomk+ja8OQ==",
			"dependencies": {
				"parse-github-url": "^1.0.2",
				"remote-origin-url": "^1.0.0"
			},
			"engines": {
				"node": ">=0.8"
			}
		},
		"node_modules/homedir-polyfill": {
			"version": "1.0.1",
			"resolved": "https://registry.npmjs.org/homedir-polyfill/-/homedir-polyfill-1.0.1.tgz",
			"integrity": "sha1-TCu8inWJmP7r9e1oWA921GdotLw=",
			"dependencies": {
				"parse-passwd": "^1.0.0"
			},
			"engines": {
				"node": ">=0.10.0"
			}
		},
		"node_modules/ini": {
			"version": "1.3.8",
			"resolved": "https://registry.npmjs.org/ini/-/ini-1.3.8.tgz",
			"integrity": "sha512-JV/yugV2uzW5iMRSiZAyDtQd+nxtUnjeLt0acNdw98kKLrvuRVyB80tsREOE7yvGVgalhZ6RNXCmEHkUKBKxew=="
		},
		"node_modules/is-extendable": {
			"version": "0.1.1",
			"resolved": "https://registry.npmjs.org/is-extendable/-/is-extendable-0.1.1.tgz",
			"integrity": "sha1-YrEQ4omkcUGOPsNqYX1HLjAd/Ik=",
			"engines": {
				"node": ">=0.10.0"
			}
		},
		"node_modules/minimist": {
			"version": "1.2.5",
			"resolved": "https://registry.npmjs.org/minimist/-/minimist-1.2.5.tgz",
			"integrity": "sha512-FM9nNUYrRBAELZQT3xeZQ7fmMOBg6nWNmJKTcgsJeaLstP/UODVpGsr5OhXhhXg6f+qtJ8uiZ+PUxkDWcgIXLw=="
		},
		"node_modules/parse-git-config": {
			"version": "1.1.1",
			"resolved": "https://registry.npmjs.org/parse-git-config/-/parse-git-config-1.1.1.tgz",
			"integrity": "sha1-06mYQxcTL1c5hxK7pDjhKVkN34w=",
			"dependencies": {
				"extend-shallow": "^2.0.1",
				"fs-exists-sync": "^0.1.0",
				"git-config-path": "^1.0.1",
				"ini": "^1.3.4"
			},
			"engines": {
				"node": ">=0.10.0"
			}
		},
		"node_modules/parse-github-url": {
			"version": "1.0.2",
			"resolved": "https://registry.npmjs.org/parse-github-url/-/parse-github-url-1.0.2.tgz",
			"integrity": "sha512-kgBf6avCbO3Cn6+RnzRGLkUsv4ZVqv/VfAYkRsyBcgkshNvVBkRn1FEZcW0Jb+npXQWm2vHPnnOqFteZxRRGNw==",
			"bin": {
				"parse-github-url": "cli.js"
			},
			"engines": {
				"node": ">=0.10.0"
			}
		},
		"node_modules/parse-passwd": {
			"version": "1.0.0",
			"resolved": "https://registry.npmjs.org/parse-passwd/-/parse-passwd-1.0.0.tgz",
			"integrity": "sha1-bVuTSkVpk7I9N/QKOC1vFmao5cY=",
			"engines": {
				"node": ">=0.10.0"
			}
		},
		"node_modules/rc": {
			"version": "1.2.8",
			"resolved": "https://registry.npmjs.org/rc/-/rc-1.2.8.tgz",
			"integrity": "sha512-y3bGgqKj3QBdxLbLkomlohkvsA8gdAiUQlSBJnBhfn+BPxg4bc62d8TcBW15wavDfgexCgccckhcZvywyQYPOw==",
			"dependencies": {
				"deep-extend": "^0.6.0",
				"ini": "~1.3.0",
				"minimist": "^1.2.0",
				"strip-json-comments": "~2.0.1"
			},
			"bin": {
				"rc": "cli.js"
			}
		},
		"node_modules/remote-origin-url": {
			"version": "1.0.0",
			"resolved": "https://registry.npmjs.org/remote-origin-url/-/remote-origin-url-1.0.0.tgz",
			"integrity": "sha512-xHDM6IBqivpiQ1e4WOuFpM/T6rbzA/WBsu+3WLtgPOhHyjA0nYlijV3NprlTb4FcXlQ5+Q+z174sQ1NnUF5FwA==",
			"dependencies": {
				"parse-git-config": "^1.1.1"
			},
			"engines": {
				"node": ">= 0.8.0"
			}
		},
		"node_modules/strip-json-comments": {
			"version": "2.0.1",
			"resolved": "https://registry.npmjs.org/strip-json-comments/-/strip-json-comments-2.0.1.tgz",
			"integrity": "sha1-PFMZQukIwml8DsNEhYwobHygpgo=",
			"engines": {
				"node": ">=0.10.0"
			}
		},
		"node_modules/user-meta": {
			"version": "1.0.0",
			"resolved": "https://registry.npmjs.org/user-meta/-/user-meta-1.0.0.tgz",
			"integrity": "sha512-Q/opMgFhVbBkdlTs44UKzV7L5Uj2zrJ4MVPXTTzJmrU1bHb2cX6wJzBIqEf1gROTzZIH8u39WmHsa5EvfnMPrw==",
			"dependencies": {
				"rc": "^1.2.1"
			},
			"engines": {
				"node": ">=4"
			}
		}
	},
	"dependencies": {
		"deep-extend": {
			"version": "0.6.0",
			"resolved": "https://registry.npmjs.org/deep-extend/-/deep-extend-0.6.0.tgz",
			"integrity": "sha512-LOHxIOaPYdHlJRtCQfDIVZtfw/ufM8+rVj649RIHzcm/vGwQRXFt6OPqIFWsm2XEMrNIEtWR64sY1LEKD2vAOA=="
		},
		"extend-shallow": {
			"version": "2.0.1",
			"resolved": "https://registry.npmjs.org/extend-shallow/-/extend-shallow-2.0.1.tgz",
			"integrity": "sha1-Ua99YUrZqfYQ6huvu5idaxxWiQ8=",
			"requires": {
				"is-extendable": "^0.1.0"
			}
		},
		"fs-exists-sync": {
			"version": "0.1.0",
			"resolved": "https://registry.npmjs.org/fs-exists-sync/-/fs-exists-sync-0.1.0.tgz",
			"integrity": "sha1-mC1ok6+RjnLQjeyehnP/K1qNat0="
		},
		"git-config-path": {
			"version": "1.0.1",
			"resolved": "https://registry.npmjs.org/git-config-path/-/git-config-path-1.0.1.tgz",
			"integrity": "sha1-bTP37WPbDQ4RgTFQO6s6ykfVRmQ=",
			"requires": {
				"extend-shallow": "^2.0.1",
				"fs-exists-sync": "^0.1.0",
				"homedir-polyfill": "^1.0.0"
			}
		},
		"git-username": {
			"version": "1.0.0",
			"resolved": "https://registry.npmjs.org/git-username/-/git-username-1.0.0.tgz",
			"integrity": "sha512-xm45KwBR6Eu1jO4umx/o2M84v9TC7tdOBuzLx8ayhdR9H1FBiiG9azz31uC0esDvaWVBTDINpJ5USomk+ja8OQ==",
			"requires": {
				"parse-github-url": "^1.0.2",
				"remote-origin-url": "^1.0.0"
			}
		},
		"homedir-polyfill": {
			"version": "1.0.1",
			"resolved": "https://registry.npmjs.org/homedir-polyfill/-/homedir-polyfill-1.0.1.tgz",
			"integrity": "sha1-TCu8inWJmP7r9e1oWA921GdotLw=",
			"requires": {
				"parse-passwd": "^1.0.0"
			}
		},
		"ini": {
			"version": "1.3.8",
			"resolved": "https://registry.npmjs.org/ini/-/ini-1.3.8.tgz",
			"integrity": "sha512-JV/yugV2uzW5iMRSiZAyDtQd+nxtUnjeLt0acNdw98kKLrvuRVyB80tsREOE7yvGVgalhZ6RNXCmEHkUKBKxew=="
		},
		"is-extendable": {
			"version": "0.1.1",
			"resolved": "https://registry.npmjs.org/is-extendable/-/is-extendable-0.1.1.tgz",
			"integrity": "sha1-YrEQ4omkcUGOPsNqYX1HLjAd/Ik="
		},
		"minimist": {
			"version": "1.2.5",
			"resolved": "https://registry.npmjs.org/minimist/-/minimist-1.2.5.tgz",
			"integrity": "sha512-FM9nNUYrRBAELZQT3xeZQ7fmMOBg6nWNmJKTcgsJeaLstP/UODVpGsr5OhXhhXg6f+qtJ8uiZ+PUxkDWcgIXLw=="
		},
		"parse-git-config": {
			"version": "1.1.1",
			"resolved": "https://registry.npmjs.org/parse-git-config/-/parse-git-config-1.1.1.tgz",
			"integrity": "sha1-06mYQxcTL1c5hxK7pDjhKVkN34w=",
			"requires": {
				"extend-shallow": "^2.0.1",
				"fs-exists-sync": "^0.1.0",
				"git-config-path": "^1.0.1",
				"ini": "^1.3.4"
			}
		},
		"parse-github-url": {
			"version": "1.0.2",
			"resolved": "https://registry.npmjs.org/parse-github-url/-/parse-github-url-1.0.2.tgz",
			"integrity": "sha512-kgBf6avCbO3Cn6+RnzRGLkUsv4ZVqv/VfAYkRsyBcgkshNvVBkRn1FEZcW0Jb+npXQWm2vHPnnOqFteZxRRGNw=="
		},
		"parse-passwd": {
			"version": "1.0.0",
			"resolved": "https://registry.npmjs.org/parse-passwd/-/parse-passwd-1.0.0.tgz",
			"integrity": "sha1-bVuTSkVpk7I9N/QKOC1vFmao5cY="
		},
		"rc": {
			"version": "1.2.8",
			"resolved": "https://registry.npmjs.org/rc/-/rc-1.2.8.tgz",
			"integrity": "sha512-y3bGgqKj3QBdxLbLkomlohkvsA8gdAiUQlSBJnBhfn+BPxg4bc62d8TcBW15wavDfgexCgccckhcZvywyQYPOw==",
			"requires": {
				"deep-extend": "^0.6.0",
				"ini": "~1.3.0",
				"minimist": "^1.2.0",
				"strip-json-comments": "~2.0.1"
			}
		},
		"remote-origin-url": {
			"version": "1.0.0",
			"resolved": "https://registry.npmjs.org/remote-origin-url/-/remote-origin-url-1.0.0.tgz",
			"integrity": "sha512-xHDM6IBqivpiQ1e4WOuFpM/T6rbzA/WBsu+3WLtgPOhHyjA0nYlijV3NprlTb4FcXlQ5+Q+z174sQ1NnUF5FwA==",
			"requires": {
				"parse-git-config": "^1.1.1"
			}
		},
		"strip-json-comments": {
			"version": "2.0.1",
			"resolved": "https://registry.npmjs.org/strip-json-comments/-/strip-json-comments-2.0.1.tgz",
			"integrity": "sha1-PFMZQukIwml8DsNEhYwobHygpgo="
		},
		"user-meta": {
			"version": "1.0.0",
			"resolved": "https://registry.npmjs.org/user-meta/-/user-meta-1.0.0.tgz",
			"integrity": "sha512-Q/opMgFhVbBkdlTs44UKzV7L5Uj2zrJ4MVPXTTzJmrU1bHb2cX6wJzBIqEf1gROTzZIH8u39WmHsa5EvfnMPrw==",
			"requires": {
				"rc": "^1.2.1"
			}
		}
	}
}
