{
	"name": "mrm-task-lint-staged",
	"version": "7.1.19",
	"lockfileVersion": 2,
	"requires": true,
	"packages": {
		"": {
			"name": "mrm-task-lint-staged",
			"version": "7.1.19",
			"license": "MIT",
			"dependencies": {
				"husky": "^7.0.4",
				"lodash": "^4.17.15",
				"mrm-core": "^7.1.19"
			},
			"engines": {
				"node": ">=10.13"
			}
		},
		"node_modules/ansi-regex": {
			"version": "2.1.1",
			"resolved": "https://registry.npmjs.org/ansi-regex/-/ansi-regex-2.1.1.tgz",
			"integrity": "sha512-TIGnTpdo+E3+pCyAluZvtED5p5wCqLdezCyhPZzKPcxvFplEt4i+W7OONCKgeZFT3+y5NZZfOOS/Bdcanm1MYA==",
			"engines": {
				"node": ">=0.10.0"
			}
		},
		"node_modules/ansi-styles": {
			"version": "2.2.1",
			"resolved": "https://registry.npmjs.org/ansi-styles/-/ansi-styles-2.2.1.tgz",
			"integrity": "sha512-kmCevFghRiWM7HB5zTPULl4r9bVFSWjz62MhqizDGUrq2NWuNMQyuv4tHHoKJHs69M/MF64lEcHdYIocrdWQYA==",
			"engines": {
				"node": ">=0.10.0"
			}
		},
		"node_modules/babel-code-frame": {
			"version": "6.26.0",
			"resolved": "https://registry.npmjs.org/babel-code-frame/-/babel-code-frame-6.26.0.tgz",
			"integrity": "sha512-XqYMR2dfdGMW+hd0IUZ2PwK+fGeFkOxZJ0wY+JaQAHzt1Zx8LcvpiZD2NiGkEG8qx0CfkAOr5xt76d1e8vG90g==",
			"dependencies": {
				"chalk": "^1.1.3",
				"esutils": "^2.0.2",
				"js-tokens": "^3.0.2"
			}
		},
		"node_modules/balanced-match": {
			"version": "1.0.2",
			"resolved": "https://registry.npmjs.org/balanced-match/-/balanced-match-1.0.2.tgz",
			"integrity": "sha512-3oSeUO0TMV67hN1AmbXsK4yaqU7tjiHlbxRDZOpH0KW9+CeX4bRAaX0Anxt0tx2MrpRpWwQaPwIlISEJhYU5Pw=="
		},
		"node_modules/builtins": {
			"version": "1.0.3",
			"resolved": "https://registry.npmjs.org/builtins/-/builtins-1.0.3.tgz",
			"integrity": "sha512-uYBjakWipfaO/bXI7E8rq6kpwHRZK5cNYrUv2OzZSI/FvmdMyXJ2tG9dKcjEC5YHmHpUAwsargWIZNWdxb/bnQ=="
		},
		"node_modules/chalk": {
			"version": "1.1.3",
			"resolved": "https://registry.npmjs.org/chalk/-/chalk-1.1.3.tgz",
			"integrity": "sha512-U3lRVLMSlsCfjqYPbLyVv11M9CPW4I728d6TCKMAOJueEeB9/8o+eSsMnxPJD+Q+K909sdESg7C+tIkoH6on1A==",
			"dependencies": {
				"ansi-styles": "^2.2.1",
				"escape-string-regexp": "^1.0.2",
				"has-ansi": "^2.0.0",
				"strip-ansi": "^3.0.0",
				"supports-color": "^2.0.0"
			},
			"engines": {
				"node": ">=0.10.0"
			}
		},
		"node_modules/commander": {
			"version": "2.20.3",
			"resolved": "https://registry.npmjs.org/commander/-/commander-2.20.3.tgz",
			"integrity": "sha512-GpVkmM8vF2vQUkj2LvZmD35JxeJOLCwJ9cUkugyk2nuhbv3+mJvpLYYt+0+USMxE+oj+ey/lJEnhZw75x/OMcQ=="
		},
		"node_modules/comment-json": {
			"version": "2.4.2",
			"resolved": "https://registry.npmjs.org/comment-json/-/comment-json-2.4.2.tgz",
			"integrity": "sha512-T+iXox779qsqneMYx/x5BZyz4xjCeQRmuNVzz8tko7qZUs3MlzpA3RAs+O1XsgcKToNBMIvfVzafGOeiU7RggA==",
			"dependencies": {
				"core-util-is": "^1.0.2",
				"esprima": "^4.0.1",
				"has-own-prop": "^2.0.0",
				"repeat-string": "^1.6.1"
			},
			"engines": {
				"node": ">= 6"
			}
		},
		"node_modules/core-util-is": {
			"version": "1.0.3",
			"resolved": "https://registry.npmjs.org/core-util-is/-/core-util-is-1.0.3.tgz",
			"integrity": "sha512-ZQBvi1DcpJ4GDqanjucZ2Hj3wEO5pZDS89BWbkcrvdxksJorwUDDZamX9ldFkp9aw2lmBDLgkObEA4DWNJ9FYQ=="
		},
		"node_modules/deep-extend": {
			"version": "0.6.0",
			"resolved": "https://registry.npmjs.org/deep-extend/-/deep-extend-0.6.0.tgz",
			"integrity": "sha512-LOHxIOaPYdHlJRtCQfDIVZtfw/ufM8+rVj649RIHzcm/vGwQRXFt6OPqIFWsm2XEMrNIEtWR64sY1LEKD2vAOA==",
			"engines": {
				"node": ">=4.0.0"
			}
		},
		"node_modules/detect-indent": {
			"version": "6.1.0",
			"resolved": "https://registry.npmjs.org/detect-indent/-/detect-indent-6.1.0.tgz",
			"integrity": "sha512-reYkTUJAZb9gUuZ2RvVCNhVHdg62RHnJ7WJl8ftMi4diZ6NWlciOzQN88pUhSELEwflJht4oQDv0F0BMlwaYtA==",
			"engines": {
				"node": ">=8"
			}
		},
		"node_modules/editorconfig": {
			"version": "0.15.3",
			"resolved": "https://registry.npmjs.org/editorconfig/-/editorconfig-0.15.3.tgz",
			"integrity": "sha512-M9wIMFx96vq0R4F+gRpY3o2exzb8hEj/n9S8unZtHSvYjibBp/iMufSzvmOcV/laG0ZtuTVGtiJggPOSW2r93g==",
			"dependencies": {
				"commander": "^2.19.0",
				"lru-cache": "^4.1.5",
				"semver": "^5.6.0",
				"sigmund": "^1.0.1"
			},
			"bin": {
				"editorconfig": "bin/editorconfig"
			}
		},
		"node_modules/editorconfig/node_modules/semver": {
			"version": "5.7.1",
			"resolved": "https://registry.npmjs.org/semver/-/semver-5.7.1.tgz",
			"integrity": "sha512-sauaDf/PZdVgrLTNYHRtpXa1iRiKcaebiKQ1BJdpQlWH2lCvexQdX55snPFyK7QzpudqbCI0qXFfOasHdyNDGQ==",
			"bin": {
				"semver": "bin/semver"
			}
		},
		"node_modules/escape-string-regexp": {
			"version": "1.0.5",
			"resolved": "https://registry.npmjs.org/escape-string-regexp/-/escape-string-regexp-1.0.5.tgz",
			"integrity": "sha512-vbRorB5FUQWvla16U8R/qgaFIya2qGzwDrNmCZuYKrbdSUMG6I1ZCGQRefkRVhuOkIGVne7BQ35DSfo1qvJqFg==",
			"engines": {
				"node": ">=0.8.0"
			}
		},
		"node_modules/esprima": {
			"version": "4.0.1",
			"resolved": "https://registry.npmjs.org/esprima/-/esprima-4.0.1.tgz",
			"integrity": "sha512-eGuFFw7Upda+g4p+QHvnW0RyTX/SVeJBDM/gCtMARO0cLuT2HcEKnTPvhjV6aGeqrCB/sbNop0Kszm0jsaWU4A==",
			"bin": {
				"esparse": "bin/esparse.js",
				"esvalidate": "bin/esvalidate.js"
			},
			"engines": {
				"node": ">=4"
			}
		},
		"node_modules/esutils": {
			"version": "2.0.3",
			"resolved": "https://registry.npmjs.org/esutils/-/esutils-2.0.3.tgz",
			"integrity": "sha512-kVscqXk4OCp68SZ0dkgEKVi6/8ij300KBWTJq32P/dYeWTSwK41WyTxalN1eRmA5Z9UU/LX9D7FWSmV9SAYx6g==",
			"engines": {
				"node": ">=0.10.0"
			}
		},
		"node_modules/extend": {
			"version": "3.0.2",
			"resolved": "https://registry.npmjs.org/extend/-/extend-3.0.2.tgz",
			"integrity": "sha512-fjquC59cD7CyW6urNXK0FBufkZcoiGG80wTuPujX590cB5Ttln20E2UB4S/WARVqhXffZl2LNgS+gQdPIIim/g=="
		},
		"node_modules/find-up": {
			"version": "4.1.0",
			"resolved": "https://registry.npmjs.org/find-up/-/find-up-4.1.0.tgz",
			"integrity": "sha512-PpOwAdQ/YlXQ2vj8a3h8IipDuYRi3wceVQQGYWxNINccq40Anw7BlsEXCMbt1Zt+OLA6Fq9suIpIWD0OsnISlw==",
			"dependencies": {
				"locate-path": "^5.0.0",
				"path-exists": "^4.0.0"
			},
			"engines": {
				"node": ">=8"
			}
		},
		"node_modules/fs-extra": {
			"version": "8.1.0",
			"resolved": "https://registry.npmjs.org/fs-extra/-/fs-extra-8.1.0.tgz",
			"integrity": "sha512-yhlQgA6mnOJUKOsRUFsgJdQCvkKhcz8tlZG5HBQfReYZy46OwLcY+Zia0mtdHsOo9y/hP+CxMN0TU9QxoOtG4g==",
			"dependencies": {
				"graceful-fs": "^4.2.0",
				"jsonfile": "^4.0.0",
				"universalify": "^0.1.0"
			},
			"engines": {
				"node": ">=6 <7 || >=8"
			}
		},
		"node_modules/graceful-fs": {
			"version": "4.2.10",
			"resolved": "https://registry.npmjs.org/graceful-fs/-/graceful-fs-4.2.10.tgz",
			"integrity": "sha512-9ByhssR2fPVsNZj478qUUbKfmL0+t5BDVyjShtyZZLiK7ZDAArFFfopyOTj0M05wE2tJPisA4iTnnXl2YoPvOA=="
		},
		"node_modules/has-ansi": {
			"version": "2.0.0",
			"resolved": "https://registry.npmjs.org/has-ansi/-/has-ansi-2.0.0.tgz",
			"integrity": "sha512-C8vBJ8DwUCx19vhm7urhTuUsr4/IyP6l4VzNQDv+ryHQObW3TTTp9yB68WpYgRe2bbaGuZ/se74IqFeVnMnLZg==",
			"dependencies": {
				"ansi-regex": "^2.0.0"
			},
			"engines": {
				"node": ">=0.10.0"
			}
		},
		"node_modules/has-own-prop": {
			"version": "2.0.0",
			"resolved": "https://registry.npmjs.org/has-own-prop/-/has-own-prop-2.0.0.tgz",
			"integrity": "sha512-Pq0h+hvsVm6dDEa8x82GnLSYHOzNDt7f0ddFa3FqcQlgzEiptPqL+XrOJNavjOzSYiYWIrgeVYYgGlLmnxwilQ==",
			"engines": {
				"node": ">=8"
			}
		},
		"node_modules/husky": {
			"version": "7.0.4",
			"resolved": "https://registry.npmjs.org/husky/-/husky-7.0.4.tgz",
			"integrity": "sha512-vbaCKN2QLtP/vD4yvs6iz6hBEo6wkSzs8HpRah1Z6aGmF2KW5PdYuAd7uX5a+OyBZHBhd+TFLqgjUgytQr4RvQ==",
			"bin": {
				"husky": "lib/bin.js"
			},
			"engines": {
				"node": ">=12"
			},
			"funding": {
				"url": "https://github.com/sponsors/typicode"
			}
		},
		"node_modules/ini": {
			"version": "1.3.8",
			"resolved": "https://registry.npmjs.org/ini/-/ini-1.3.8.tgz",
			"integrity": "sha512-JV/yugV2uzW5iMRSiZAyDtQd+nxtUnjeLt0acNdw98kKLrvuRVyB80tsREOE7yvGVgalhZ6RNXCmEHkUKBKxew=="
		},
		"node_modules/js-tokens": {
			"version": "3.0.2",
			"resolved": "https://registry.npmjs.org/js-tokens/-/js-tokens-3.0.2.tgz",
			"integrity": "sha512-RjTcuD4xjtthQkaWH7dFlH85L+QaVtSoOyGdZ3g6HFhS9dFNDfLyqgm2NFe2X6cQpeFmt0452FJjFG5UameExg=="
		},
		"node_modules/jsonfile": {
			"version": "4.0.0",
			"resolved": "https://registry.npmjs.org/jsonfile/-/jsonfile-4.0.0.tgz",
			"integrity": "sha512-m6F1R3z8jjlf2imQHS2Qez5sjKWQzbuuhuJ/FKYFRZvPE3PuHcSMVZzfsLhGVOkfd20obL5SWEBew5ShlquNxg==",
			"optionalDependencies": {
				"graceful-fs": "^4.1.6"
			}
		},
		"node_modules/kleur": {
			"version": "3.0.3",
			"resolved": "https://registry.npmjs.org/kleur/-/kleur-3.0.3.tgz",
			"integrity": "sha512-eTIzlVOSUR+JxdDFepEYcBMtZ9Qqdef+rnzWdRZuMbOywu5tO2w2N7rqjoANZ5k9vywhL6Br1VRjUIgTQx4E8w==",
			"engines": {
				"node": ">=6"
			}
		},
		"node_modules/listify": {
			"version": "1.0.3",
			"resolved": "https://registry.npmjs.org/listify/-/listify-1.0.3.tgz",
			"integrity": "sha512-083swF7iH7bx8666zdzBColpgEuy46HjN3r1isD4zV6Ix7FuHfb/2/WVnl4CH8hjuoWeFF7P5KkKNXUnJCFEJg==",
			"engines": {
				"node": ">= 0.4"
			},
			"funding": {
				"url": "https://github.com/sponsors/ljharb"
			}
		},
		"node_modules/locate-path": {
			"version": "5.0.0",
			"resolved": "https://registry.npmjs.org/locate-path/-/locate-path-5.0.0.tgz",
			"integrity": "sha512-t7hw9pI+WvuwNJXwk5zVHpyhIqzg2qTlklJOf0mVxGSbe3Fp2VieZcduNYjaLDoy6p9uGpQEGWG87WpMKlNq8g==",
			"dependencies": {
				"p-locate": "^4.1.0"
			},
			"engines": {
				"node": ">=8"
			}
		},
		"node_modules/lodash": {
			"version": "4.17.21",
			"resolved": "https://registry.npmjs.org/lodash/-/lodash-4.17.21.tgz",
			"integrity": "sha512-v2kDEe57lecTulaDIuNTPy3Ry4gLGJ6Z1O3vE1krgXZNrsQ+LFTGHVxVjcXPs17LhbZVGedAJv8XZ1tvj5FvSg=="
		},
		"node_modules/lru-cache": {
			"version": "4.1.5",
			"resolved": "https://registry.npmjs.org/lru-cache/-/lru-cache-4.1.5.tgz",
			"integrity": "sha512-sWZlbEP2OsHNkXrMl5GYk/jKk70MBng6UU4YI/qGDYbgf6YbP4EvmqISbXCoJiRKs+1bSpFHVgQxvJ17F2li5g==",
			"dependencies": {
				"pseudomap": "^1.0.2",
				"yallist": "^2.1.2"
			}
		},
		"node_modules/minimist": {
			"version": "1.2.7",
			"resolved": "https://registry.npmjs.org/minimist/-/minimist-1.2.7.tgz",
			"integrity": "sha512-bzfL1YUZsP41gmu/qjrEk0Q6i2ix/cVeAhbCbqH9u3zYutS1cLg00qhrD0M2MVdCcx4Sc0UpP2eBWo9rotpq6g==",
			"funding": {
				"url": "https://github.com/sponsors/ljharb"
			}
		},
		"node_modules/mrm-core": {
			"version": "7.1.7",
			"resolved": "https://registry.npmjs.org/mrm-core/-/mrm-core-7.1.7.tgz",
			"integrity": "sha512-o2/FBZgXdbGUn//M7i0g2Y4WqGIE40I8P/S9fCFzuuWb6Ltpz3tIwDbDRv4IaJNSIXdEzFUORIcHsdHj5zmGsw==",
			"dependencies": {
				"babel-code-frame": "^6.26.0",
				"comment-json": "^2.2.0",
				"detect-indent": "^6.0.0",
				"editorconfig": "^0.15.3",
				"find-up": "^4.1.0",
				"fs-extra": "^8.1.0",
				"kleur": "^3.0.3",
				"listify": "^1.0.0",
				"lodash": "^4.17.15",
				"minimist": "^1.2.0",
				"prop-ini": "^0.0.2",
				"rc": "^1.2.8",
				"readme-badger": "^0.3.0",
				"semver": "^6.3.0",
				"smpltmpl": "^1.0.2",
				"split-lines": "^2.0.0",
				"strip-bom": "^4.0.0",
				"validate-npm-package-name": "^3.0.0",
				"webpack-merge": "^4.2.2",
				"yaml": "^2.0.0-1"
			},
			"engines": {
				"node": ">=10.13"
			}
		},
		"node_modules/p-limit": {
			"version": "2.3.0",
			"resolved": "https://registry.npmjs.org/p-limit/-/p-limit-2.3.0.tgz",
			"integrity": "sha512-//88mFWSJx8lxCzwdAABTJL2MyWB12+eIY7MDL2SqLmAkeKU9qxRvWuSyTjm3FUmpBEMuFfckAIqEaVGUDxb6w==",
			"dependencies": {
				"p-try": "^2.0.0"
			},
			"engines": {
				"node": ">=6"
			},
			"funding": {
				"url": "https://github.com/sponsors/sindresorhus"
			}
		},
		"node_modules/p-locate": {
			"version": "4.1.0",
			"resolved": "https://registry.npmjs.org/p-locate/-/p-locate-4.1.0.tgz",
			"integrity": "sha512-R79ZZ/0wAxKGu3oYMlz8jy/kbhsNrS7SKZ7PxEHBgJ5+F2mtFW2fK2cOtBh1cHYkQsbzFV7I+EoRKe6Yt0oK7A==",
			"dependencies": {
				"p-limit": "^2.2.0"
			},
			"engines": {
				"node": ">=8"
			}
		},
		"node_modules/p-try": {
			"version": "2.2.0",
			"resolved": "https://registry.npmjs.org/p-try/-/p-try-2.2.0.tgz",
			"integrity": "sha512-R4nPAVTAU0B9D35/Gk3uJf/7XYbQcyohSKdvAxIRSNghFl4e71hVoGnBNQz9cWaXxO2I10KTC+3jMdvvoKw6dQ==",
			"engines": {
				"node": ">=6"
			}
		},
		"node_modules/path-exists": {
			"version": "4.0.0",
			"resolved": "https://registry.npmjs.org/path-exists/-/path-exists-4.0.0.tgz",
			"integrity": "sha512-ak9Qy5Q7jYb2Wwcey5Fpvg2KoAc/ZIhLSLOSBmRmygPsGwkVVt0fZa0qrtMz+m6tJTAHfZQ8FnmB4MG4LWy7/w==",
			"engines": {
				"node": ">=8"
			}
		},
		"node_modules/prop-ini": {
			"version": "0.0.2",
			"resolved": "https://registry.npmjs.org/prop-ini/-/prop-ini-0.0.2.tgz",
			"integrity": "sha512-qyU57WvAvZDbzmRy9xDbJGVwrGJhmA+rYnVjy4xtX4Ny9c7gzvpmf/j7A3oq9ChbPh15MZQKjPep2mNdnAhtig==",
			"dependencies": {
				"extend": "^3.0.0"
			}
		},
		"node_modules/pseudomap": {
			"version": "1.0.2",
			"resolved": "https://registry.npmjs.org/pseudomap/-/pseudomap-1.0.2.tgz",
			"integrity": "sha512-b/YwNhb8lk1Zz2+bXXpS/LK9OisiZZ1SNsSLxN1x2OXVEhW2Ckr/7mWE5vrC1ZTiJlD9g19jWszTmJsB+oEpFQ=="
		},
		"node_modules/rc": {
			"version": "1.2.8",
			"resolved": "https://registry.npmjs.org/rc/-/rc-1.2.8.tgz",
			"integrity": "sha512-y3bGgqKj3QBdxLbLkomlohkvsA8gdAiUQlSBJnBhfn+BPxg4bc62d8TcBW15wavDfgexCgccckhcZvywyQYPOw==",
			"dependencies": {
				"deep-extend": "^0.6.0",
				"ini": "~1.3.0",
				"minimist": "^1.2.0",
				"strip-json-comments": "~2.0.1"
			},
			"bin": {
				"rc": "cli.js"
			}
		},
		"node_modules/readme-badger": {
			"version": "0.3.0",
			"resolved": "https://registry.npmjs.org/readme-badger/-/readme-badger-0.3.0.tgz",
			"integrity": "sha512-+sMOLSs1imZUISZ2Rhz7qqVd77QtpcAPbGeIraFdgJmijb04YtdlPjGNBvDChTNtLbeQ6JNGQy3pOgslWfaP3g==",
			"dependencies": {
				"balanced-match": "^1.0.0"
			}
		},
		"node_modules/repeat-string": {
			"version": "1.6.1",
			"resolved": "https://registry.npmjs.org/repeat-string/-/repeat-string-1.6.1.tgz",
			"integrity": "sha512-PV0dzCYDNfRi1jCDbJzpW7jNNDRuCOG/jI5ctQcGKt/clZD+YcPS3yIlWuTJMmESC8aevCFmWJy5wjAFgNqN6w==",
			"engines": {
				"node": ">=0.10"
			}
		},
		"node_modules/semver": {
			"version": "6.3.0",
			"resolved": "https://registry.npmjs.org/semver/-/semver-6.3.0.tgz",
			"integrity": "sha512-b39TBaTSfV6yBrapU89p5fKekE2m/NwnDocOVruQFS1/veMgdzuPcnOM34M6CwxW8jH/lxEa5rBoDeUwu5HHTw==",
			"bin": {
				"semver": "bin/semver.js"
			}
		},
		"node_modules/sigmund": {
			"version": "1.0.1",
			"resolved": "https://registry.npmjs.org/sigmund/-/sigmund-1.0.1.tgz",
			"integrity": "sha512-fCvEXfh6NWpm+YSuY2bpXb/VIihqWA6hLsgboC+0nl71Q7N7o2eaCW8mJa/NLvQhs6jpd3VZV4UiUQlV6+lc8g=="
		},
		"node_modules/smpltmpl": {
			"version": "1.0.2",
			"resolved": "https://registry.npmjs.org/smpltmpl/-/smpltmpl-1.0.2.tgz",
			"integrity": "sha512-Hq23NNgeZigOzIiX1dkb6W3gFn2/XQj43KhPxu65IMieG/gIwf/lQb1IudjYv0c/5LwJeS/mPayYzyo+8WJMxQ==",
			"dependencies": {
				"babel-code-frame": "^6.26.0"
			},
			"engines": {
				"node": ">=4"
			}
		},
		"node_modules/split-lines": {
			"version": "2.1.0",
			"resolved": "https://registry.npmjs.org/split-lines/-/split-lines-2.1.0.tgz",
			"integrity": "sha512-8dv+1zKgTpfTkOy8XZLFyWrfxO0NV/bj/3EaQ+hBrBxGv2DwiroljPjU8NlCr+59nLnsVm9WYT7lXKwe4TC6bw==",
			"engines": {
				"node": ">=6"
			},
			"funding": {
				"url": "https://github.com/sponsors/sindresorhus"
			}
		},
		"node_modules/strip-ansi": {
			"version": "3.0.1",
			"resolved": "https://registry.npmjs.org/strip-ansi/-/strip-ansi-3.0.1.tgz",
			"integrity": "sha512-VhumSSbBqDTP8p2ZLKj40UjBCV4+v8bUSEpUb4KjRgWk9pbqGF4REFj6KEagidb2f/M6AzC0EmFyDNGaw9OCzg==",
			"dependencies": {
				"ansi-regex": "^2.0.0"
			},
			"engines": {
				"node": ">=0.10.0"
			}
		},
		"node_modules/strip-bom": {
			"version": "4.0.0",
			"resolved": "https://registry.npmjs.org/strip-bom/-/strip-bom-4.0.0.tgz",
			"integrity": "sha512-3xurFv5tEgii33Zi8Jtp55wEIILR9eh34FAW00PZf+JnSsTmV/ioewSgQl97JHvgjoRGwPShsWm+IdrxB35d0w==",
			"engines": {
				"node": ">=8"
			}
		},
		"node_modules/strip-json-comments": {
			"version": "2.0.1",
			"resolved": "https://registry.npmjs.org/strip-json-comments/-/strip-json-comments-2.0.1.tgz",
			"integrity": "sha512-4gB8na07fecVVkOI6Rs4e7T6NOTki5EmL7TUduTs6bu3EdnSycntVJ4re8kgZA+wx9IueI2Y11bfbgwtzuE0KQ==",
			"engines": {
				"node": ">=0.10.0"
			}
		},
		"node_modules/supports-color": {
			"version": "2.0.0",
			"resolved": "https://registry.npmjs.org/supports-color/-/supports-color-2.0.0.tgz",
			"integrity": "sha512-KKNVtd6pCYgPIKU4cp2733HWYCpplQhddZLBUryaAHou723x+FRzQ5Df824Fj+IyyuiQTRoub4SnIFfIcrp70g==",
			"engines": {
				"node": ">=0.8.0"
			}
		},
		"node_modules/universalify": {
			"version": "0.1.2",
			"resolved": "https://registry.npmjs.org/universalify/-/universalify-0.1.2.tgz",
			"integrity": "sha512-rBJeI5CXAlmy1pV+617WB9J63U6XcazHHF2f2dbJix4XzpUF0RS3Zbj0FGIOCAva5P/d/GBOYaACQ1w+0azUkg==",
			"engines": {
				"node": ">= 4.0.0"
			}
		},
		"node_modules/validate-npm-package-name": {
			"version": "3.0.0",
			"resolved": "https://registry.npmjs.org/validate-npm-package-name/-/validate-npm-package-name-3.0.0.tgz",
			"integrity": "sha512-M6w37eVCMMouJ9V/sdPGnC5H4uDr73/+xdq0FBLO3TFFX1+7wiUY6Es328NN+y43tmY+doUdN9g9J21vqB7iLw==",
			"dependencies": {
				"builtins": "^1.0.3"
			}
		},
		"node_modules/webpack-merge": {
			"version": "4.2.2",
			"resolved": "https://registry.npmjs.org/webpack-merge/-/webpack-merge-4.2.2.tgz",
			"integrity": "sha512-TUE1UGoTX2Cd42j3krGYqObZbOD+xF7u28WB7tfUordytSjbWTIjK/8V0amkBfTYN4/pB/GIDlJZZ657BGG19g==",
			"dependencies": {
				"lodash": "^4.17.15"
			}
		},
		"node_modules/yallist": {
			"version": "2.1.2",
			"resolved": "https://registry.npmjs.org/yallist/-/yallist-2.1.2.tgz",
			"integrity": "sha512-ncTzHV7NvsQZkYe1DW7cbDLm0YpzHmZF5r/iyP3ZnQtMiJ+pjzisCiMNI+Sj+xQF5pXhSHxSB3uDbsBTzY/c2A=="
		},
		"node_modules/yaml": {
			"version": "2.1.3",
			"resolved": "https://registry.npmjs.org/yaml/-/yaml-2.1.3.tgz",
			"integrity": "sha512-AacA8nRULjKMX2DvWvOAdBZMOfQlypSFkjcOcu9FalllIDJ1kvlREzcdIZmidQUqqeMv7jorHjq2HlLv/+c2lg==",
			"engines": {
				"node": ">= 14"
			}
		}
	},
	"dependencies": {
		"ansi-regex": {
			"version": "2.1.1",
			"resolved": "https://registry.npmjs.org/ansi-regex/-/ansi-regex-2.1.1.tgz",
			"integrity": "sha512-TIGnTpdo+E3+pCyAluZvtED5p5wCqLdezCyhPZzKPcxvFplEt4i+W7OONCKgeZFT3+y5NZZfOOS/Bdcanm1MYA=="
		},
		"ansi-styles": {
			"version": "2.2.1",
			"resolved": "https://registry.npmjs.org/ansi-styles/-/ansi-styles-2.2.1.tgz",
			"integrity": "sha512-kmCevFghRiWM7HB5zTPULl4r9bVFSWjz62MhqizDGUrq2NWuNMQyuv4tHHoKJHs69M/MF64lEcHdYIocrdWQYA=="
		},
		"babel-code-frame": {
			"version": "6.26.0",
			"resolved": "https://registry.npmjs.org/babel-code-frame/-/babel-code-frame-6.26.0.tgz",
			"integrity": "sha512-XqYMR2dfdGMW+hd0IUZ2PwK+fGeFkOxZJ0wY+JaQAHzt1Zx8LcvpiZD2NiGkEG8qx0CfkAOr5xt76d1e8vG90g==",
			"requires": {
				"chalk": "^1.1.3",
				"esutils": "^2.0.2",
				"js-tokens": "^3.0.2"
			}
		},
		"balanced-match": {
			"version": "1.0.2",
			"resolved": "https://registry.npmjs.org/balanced-match/-/balanced-match-1.0.2.tgz",
			"integrity": "sha512-3oSeUO0TMV67hN1AmbXsK4yaqU7tjiHlbxRDZOpH0KW9+CeX4bRAaX0Anxt0tx2MrpRpWwQaPwIlISEJhYU5Pw=="
		},
		"builtins": {
			"version": "1.0.3",
			"resolved": "https://registry.npmjs.org/builtins/-/builtins-1.0.3.tgz",
			"integrity": "sha512-uYBjakWipfaO/bXI7E8rq6kpwHRZK5cNYrUv2OzZSI/FvmdMyXJ2tG9dKcjEC5YHmHpUAwsargWIZNWdxb/bnQ=="
		},
		"chalk": {
			"version": "1.1.3",
			"resolved": "https://registry.npmjs.org/chalk/-/chalk-1.1.3.tgz",
			"integrity": "sha512-U3lRVLMSlsCfjqYPbLyVv11M9CPW4I728d6TCKMAOJueEeB9/8o+eSsMnxPJD+Q+K909sdESg7C+tIkoH6on1A==",
			"requires": {
				"ansi-styles": "^2.2.1",
				"escape-string-regexp": "^1.0.2",
				"has-ansi": "^2.0.0",
				"strip-ansi": "^3.0.0",
				"supports-color": "^2.0.0"
			}
		},
		"commander": {
			"version": "2.20.3",
			"resolved": "https://registry.npmjs.org/commander/-/commander-2.20.3.tgz",
			"integrity": "sha512-GpVkmM8vF2vQUkj2LvZmD35JxeJOLCwJ9cUkugyk2nuhbv3+mJvpLYYt+0+USMxE+oj+ey/lJEnhZw75x/OMcQ=="
		},
		"comment-json": {
			"version": "2.4.2",
			"resolved": "https://registry.npmjs.org/comment-json/-/comment-json-2.4.2.tgz",
			"integrity": "sha512-T+iXox779qsqneMYx/x5BZyz4xjCeQRmuNVzz8tko7qZUs3MlzpA3RAs+O1XsgcKToNBMIvfVzafGOeiU7RggA==",
			"requires": {
				"core-util-is": "^1.0.2",
				"esprima": "^4.0.1",
				"has-own-prop": "^2.0.0",
				"repeat-string": "^1.6.1"
			}
		},
		"core-util-is": {
			"version": "1.0.3",
			"resolved": "https://registry.npmjs.org/core-util-is/-/core-util-is-1.0.3.tgz",
			"integrity": "sha512-ZQBvi1DcpJ4GDqanjucZ2Hj3wEO5pZDS89BWbkcrvdxksJorwUDDZamX9ldFkp9aw2lmBDLgkObEA4DWNJ9FYQ=="
		},
		"deep-extend": {
			"version": "0.6.0",
			"resolved": "https://registry.npmjs.org/deep-extend/-/deep-extend-0.6.0.tgz",
			"integrity": "sha512-LOHxIOaPYdHlJRtCQfDIVZtfw/ufM8+rVj649RIHzcm/vGwQRXFt6OPqIFWsm2XEMrNIEtWR64sY1LEKD2vAOA=="
		},
		"detect-indent": {
			"version": "6.1.0",
			"resolved": "https://registry.npmjs.org/detect-indent/-/detect-indent-6.1.0.tgz",
			"integrity": "sha512-reYkTUJAZb9gUuZ2RvVCNhVHdg62RHnJ7WJl8ftMi4diZ6NWlciOzQN88pUhSELEwflJht4oQDv0F0BMlwaYtA=="
		},
		"editorconfig": {
			"version": "0.15.3",
			"resolved": "https://registry.npmjs.org/editorconfig/-/editorconfig-0.15.3.tgz",
			"integrity": "sha512-M9wIMFx96vq0R4F+gRpY3o2exzb8hEj/n9S8unZtHSvYjibBp/iMufSzvmOcV/laG0ZtuTVGtiJggPOSW2r93g==",
			"requires": {
				"commander": "^2.19.0",
				"lru-cache": "^4.1.5",
				"semver": "^5.6.0",
				"sigmund": "^1.0.1"
			},
			"dependencies": {
				"semver": {
					"version": "5.7.1",
					"resolved": "https://registry.npmjs.org/semver/-/semver-5.7.1.tgz",
					"integrity": "sha512-sauaDf/PZdVgrLTNYHRtpXa1iRiKcaebiKQ1BJdpQlWH2lCvexQdX55snPFyK7QzpudqbCI0qXFfOasHdyNDGQ=="
				}
			}
		},
		"escape-string-regexp": {
			"version": "1.0.5",
			"resolved": "https://registry.npmjs.org/escape-string-regexp/-/escape-string-regexp-1.0.5.tgz",
			"integrity": "sha512-vbRorB5FUQWvla16U8R/qgaFIya2qGzwDrNmCZuYKrbdSUMG6I1ZCGQRefkRVhuOkIGVne7BQ35DSfo1qvJqFg=="
		},
		"esprima": {
			"version": "4.0.1",
			"resolved": "https://registry.npmjs.org/esprima/-/esprima-4.0.1.tgz",
			"integrity": "sha512-eGuFFw7Upda+g4p+QHvnW0RyTX/SVeJBDM/gCtMARO0cLuT2HcEKnTPvhjV6aGeqrCB/sbNop0Kszm0jsaWU4A=="
		},
		"esutils": {
			"version": "2.0.3",
			"resolved": "https://registry.npmjs.org/esutils/-/esutils-2.0.3.tgz",
			"integrity": "sha512-kVscqXk4OCp68SZ0dkgEKVi6/8ij300KBWTJq32P/dYeWTSwK41WyTxalN1eRmA5Z9UU/LX9D7FWSmV9SAYx6g=="
		},
		"extend": {
			"version": "3.0.2",
			"resolved": "https://registry.npmjs.org/extend/-/extend-3.0.2.tgz",
			"integrity": "sha512-fjquC59cD7CyW6urNXK0FBufkZcoiGG80wTuPujX590cB5Ttln20E2UB4S/WARVqhXffZl2LNgS+gQdPIIim/g=="
		},
		"find-up": {
			"version": "4.1.0",
			"resolved": "https://registry.npmjs.org/find-up/-/find-up-4.1.0.tgz",
			"integrity": "sha512-PpOwAdQ/YlXQ2vj8a3h8IipDuYRi3wceVQQGYWxNINccq40Anw7BlsEXCMbt1Zt+OLA6Fq9suIpIWD0OsnISlw==",
			"requires": {
				"locate-path": "^5.0.0",
				"path-exists": "^4.0.0"
			}
		},
		"fs-extra": {
			"version": "8.1.0",
			"resolved": "https://registry.npmjs.org/fs-extra/-/fs-extra-8.1.0.tgz",
			"integrity": "sha512-yhlQgA6mnOJUKOsRUFsgJdQCvkKhcz8tlZG5HBQfReYZy46OwLcY+Zia0mtdHsOo9y/hP+CxMN0TU9QxoOtG4g==",
			"requires": {
				"graceful-fs": "^4.2.0",
				"jsonfile": "^4.0.0",
				"universalify": "^0.1.0"
			}
		},
		"graceful-fs": {
			"version": "4.2.10",
			"resolved": "https://registry.npmjs.org/graceful-fs/-/graceful-fs-4.2.10.tgz",
			"integrity": "sha512-9ByhssR2fPVsNZj478qUUbKfmL0+t5BDVyjShtyZZLiK7ZDAArFFfopyOTj0M05wE2tJPisA4iTnnXl2YoPvOA=="
		},
		"has-ansi": {
			"version": "2.0.0",
			"resolved": "https://registry.npmjs.org/has-ansi/-/has-ansi-2.0.0.tgz",
			"integrity": "sha512-C8vBJ8DwUCx19vhm7urhTuUsr4/IyP6l4VzNQDv+ryHQObW3TTTp9yB68WpYgRe2bbaGuZ/se74IqFeVnMnLZg==",
			"requires": {
				"ansi-regex": "^2.0.0"
			}
		},
		"has-own-prop": {
			"version": "2.0.0",
			"resolved": "https://registry.npmjs.org/has-own-prop/-/has-own-prop-2.0.0.tgz",
			"integrity": "sha512-Pq0h+hvsVm6dDEa8x82GnLSYHOzNDt7f0ddFa3FqcQlgzEiptPqL+XrOJNavjOzSYiYWIrgeVYYgGlLmnxwilQ=="
		},
		"husky": {
			"version": "7.0.4",
			"resolved": "https://registry.npmjs.org/husky/-/husky-7.0.4.tgz",
			"integrity": "sha512-vbaCKN2QLtP/vD4yvs6iz6hBEo6wkSzs8HpRah1Z6aGmF2KW5PdYuAd7uX5a+OyBZHBhd+TFLqgjUgytQr4RvQ=="
		},
		"ini": {
			"version": "1.3.8",
			"resolved": "https://registry.npmjs.org/ini/-/ini-1.3.8.tgz",
			"integrity": "sha512-JV/yugV2uzW5iMRSiZAyDtQd+nxtUnjeLt0acNdw98kKLrvuRVyB80tsREOE7yvGVgalhZ6RNXCmEHkUKBKxew=="
		},
		"js-tokens": {
			"version": "3.0.2",
			"resolved": "https://registry.npmjs.org/js-tokens/-/js-tokens-3.0.2.tgz",
			"integrity": "sha512-RjTcuD4xjtthQkaWH7dFlH85L+QaVtSoOyGdZ3g6HFhS9dFNDfLyqgm2NFe2X6cQpeFmt0452FJjFG5UameExg=="
		},
		"jsonfile": {
			"version": "4.0.0",
			"resolved": "https://registry.npmjs.org/jsonfile/-/jsonfile-4.0.0.tgz",
			"integrity": "sha512-m6F1R3z8jjlf2imQHS2Qez5sjKWQzbuuhuJ/FKYFRZvPE3PuHcSMVZzfsLhGVOkfd20obL5SWEBew5ShlquNxg==",
			"requires": {
				"graceful-fs": "^4.1.6"
			}
		},
		"kleur": {
			"version": "3.0.3",
			"resolved": "https://registry.npmjs.org/kleur/-/kleur-3.0.3.tgz",
			"integrity": "sha512-eTIzlVOSUR+JxdDFepEYcBMtZ9Qqdef+rnzWdRZuMbOywu5tO2w2N7rqjoANZ5k9vywhL6Br1VRjUIgTQx4E8w=="
		},
		"listify": {
			"version": "1.0.3",
			"resolved": "https://registry.npmjs.org/listify/-/listify-1.0.3.tgz",
			"integrity": "sha512-083swF7iH7bx8666zdzBColpgEuy46HjN3r1isD4zV6Ix7FuHfb/2/WVnl4CH8hjuoWeFF7P5KkKNXUnJCFEJg=="
		},
		"locate-path": {
			"version": "5.0.0",
			"resolved": "https://registry.npmjs.org/locate-path/-/locate-path-5.0.0.tgz",
			"integrity": "sha512-t7hw9pI+WvuwNJXwk5zVHpyhIqzg2qTlklJOf0mVxGSbe3Fp2VieZcduNYjaLDoy6p9uGpQEGWG87WpMKlNq8g==",
			"requires": {
				"p-locate": "^4.1.0"
			}
		},
		"lodash": {
			"version": "4.17.21",
			"resolved": "https://registry.npmjs.org/lodash/-/lodash-4.17.21.tgz",
			"integrity": "sha512-v2kDEe57lecTulaDIuNTPy3Ry4gLGJ6Z1O3vE1krgXZNrsQ+LFTGHVxVjcXPs17LhbZVGedAJv8XZ1tvj5FvSg=="
		},
		"lru-cache": {
			"version": "4.1.5",
			"resolved": "https://registry.npmjs.org/lru-cache/-/lru-cache-4.1.5.tgz",
			"integrity": "sha512-sWZlbEP2OsHNkXrMl5GYk/jKk70MBng6UU4YI/qGDYbgf6YbP4EvmqISbXCoJiRKs+1bSpFHVgQxvJ17F2li5g==",
			"requires": {
				"pseudomap": "^1.0.2",
				"yallist": "^2.1.2"
			}
		},
		"minimist": {
			"version": "1.2.7",
			"resolved": "https://registry.npmjs.org/minimist/-/minimist-1.2.7.tgz",
			"integrity": "sha512-bzfL1YUZsP41gmu/qjrEk0Q6i2ix/cVeAhbCbqH9u3zYutS1cLg00qhrD0M2MVdCcx4Sc0UpP2eBWo9rotpq6g=="
		},
		"mrm-core": {
			"version": "7.1.7",
			"resolved": "https://registry.npmjs.org/mrm-core/-/mrm-core-7.1.7.tgz",
			"integrity": "sha512-o2/FBZgXdbGUn//M7i0g2Y4WqGIE40I8P/S9fCFzuuWb6Ltpz3tIwDbDRv4IaJNSIXdEzFUORIcHsdHj5zmGsw==",
			"requires": {
				"babel-code-frame": "^6.26.0",
				"comment-json": "^2.2.0",
				"detect-indent": "^6.0.0",
				"editorconfig": "^0.15.3",
				"find-up": "^4.1.0",
				"fs-extra": "^8.1.0",
				"kleur": "^3.0.3",
				"listify": "^1.0.0",
				"lodash": "^4.17.15",
				"minimist": "^1.2.0",
				"prop-ini": "^0.0.2",
				"rc": "^1.2.8",
				"readme-badger": "^0.3.0",
				"semver": "^6.3.0",
				"smpltmpl": "^1.0.2",
				"split-lines": "^2.0.0",
				"strip-bom": "^4.0.0",
				"validate-npm-package-name": "^3.0.0",
				"webpack-merge": "^4.2.2",
				"yaml": "^2.0.0-1"
			}
		},
		"p-limit": {
			"version": "2.3.0",
			"resolved": "https://registry.npmjs.org/p-limit/-/p-limit-2.3.0.tgz",
			"integrity": "sha512-//88mFWSJx8lxCzwdAABTJL2MyWB12+eIY7MDL2SqLmAkeKU9qxRvWuSyTjm3FUmpBEMuFfckAIqEaVGUDxb6w==",
			"requires": {
				"p-try": "^2.0.0"
			}
		},
		"p-locate": {
			"version": "4.1.0",
			"resolved": "https://registry.npmjs.org/p-locate/-/p-locate-4.1.0.tgz",
			"integrity": "sha512-R79ZZ/0wAxKGu3oYMlz8jy/kbhsNrS7SKZ7PxEHBgJ5+F2mtFW2fK2cOtBh1cHYkQsbzFV7I+EoRKe6Yt0oK7A==",
			"requires": {
				"p-limit": "^2.2.0"
			}
		},
		"p-try": {
			"version": "2.2.0",
			"resolved": "https://registry.npmjs.org/p-try/-/p-try-2.2.0.tgz",
			"integrity": "sha512-R4nPAVTAU0B9D35/Gk3uJf/7XYbQcyohSKdvAxIRSNghFl4e71hVoGnBNQz9cWaXxO2I10KTC+3jMdvvoKw6dQ=="
		},
		"path-exists": {
			"version": "4.0.0",
			"resolved": "https://registry.npmjs.org/path-exists/-/path-exists-4.0.0.tgz",
			"integrity": "sha512-ak9Qy5Q7jYb2Wwcey5Fpvg2KoAc/ZIhLSLOSBmRmygPsGwkVVt0fZa0qrtMz+m6tJTAHfZQ8FnmB4MG4LWy7/w=="
		},
		"prop-ini": {
			"version": "0.0.2",
			"resolved": "https://registry.npmjs.org/prop-ini/-/prop-ini-0.0.2.tgz",
			"integrity": "sha512-qyU57WvAvZDbzmRy9xDbJGVwrGJhmA+rYnVjy4xtX4Ny9c7gzvpmf/j7A3oq9ChbPh15MZQKjPep2mNdnAhtig==",
			"requires": {
				"extend": "^3.0.0"
			}
		},
		"pseudomap": {
			"version": "1.0.2",
			"resolved": "https://registry.npmjs.org/pseudomap/-/pseudomap-1.0.2.tgz",
			"integrity": "sha512-b/YwNhb8lk1Zz2+bXXpS/LK9OisiZZ1SNsSLxN1x2OXVEhW2Ckr/7mWE5vrC1ZTiJlD9g19jWszTmJsB+oEpFQ=="
		},
		"rc": {
			"version": "1.2.8",
			"resolved": "https://registry.npmjs.org/rc/-/rc-1.2.8.tgz",
			"integrity": "sha512-y3bGgqKj3QBdxLbLkomlohkvsA8gdAiUQlSBJnBhfn+BPxg4bc62d8TcBW15wavDfgexCgccckhcZvywyQYPOw==",
			"requires": {
				"deep-extend": "^0.6.0",
				"ini": "~1.3.0",
				"minimist": "^1.2.0",
				"strip-json-comments": "~2.0.1"
			}
		},
		"readme-badger": {
			"version": "0.3.0",
			"resolved": "https://registry.npmjs.org/readme-badger/-/readme-badger-0.3.0.tgz",
			"integrity": "sha512-+sMOLSs1imZUISZ2Rhz7qqVd77QtpcAPbGeIraFdgJmijb04YtdlPjGNBvDChTNtLbeQ6JNGQy3pOgslWfaP3g==",
			"requires": {
				"balanced-match": "^1.0.0"
			}
		},
		"repeat-string": {
			"version": "1.6.1",
			"resolved": "https://registry.npmjs.org/repeat-string/-/repeat-string-1.6.1.tgz",
			"integrity": "sha512-PV0dzCYDNfRi1jCDbJzpW7jNNDRuCOG/jI5ctQcGKt/clZD+YcPS3yIlWuTJMmESC8aevCFmWJy5wjAFgNqN6w=="
		},
		"semver": {
			"version": "6.3.0",
			"resolved": "https://registry.npmjs.org/semver/-/semver-6.3.0.tgz",
			"integrity": "sha512-b39TBaTSfV6yBrapU89p5fKekE2m/NwnDocOVruQFS1/veMgdzuPcnOM34M6CwxW8jH/lxEa5rBoDeUwu5HHTw=="
		},
		"sigmund": {
			"version": "1.0.1",
			"resolved": "https://registry.npmjs.org/sigmund/-/sigmund-1.0.1.tgz",
			"integrity": "sha512-fCvEXfh6NWpm+YSuY2bpXb/VIihqWA6hLsgboC+0nl71Q7N7o2eaCW8mJa/NLvQhs6jpd3VZV4UiUQlV6+lc8g=="
		},
		"smpltmpl": {
			"version": "1.0.2",
			"resolved": "https://registry.npmjs.org/smpltmpl/-/smpltmpl-1.0.2.tgz",
			"integrity": "sha512-Hq23NNgeZigOzIiX1dkb6W3gFn2/XQj43KhPxu65IMieG/gIwf/lQb1IudjYv0c/5LwJeS/mPayYzyo+8WJMxQ==",
			"requires": {
				"babel-code-frame": "^6.26.0"
			}
		},
		"split-lines": {
			"version": "2.1.0",
			"resolved": "https://registry.npmjs.org/split-lines/-/split-lines-2.1.0.tgz",
			"integrity": "sha512-8dv+1zKgTpfTkOy8XZLFyWrfxO0NV/bj/3EaQ+hBrBxGv2DwiroljPjU8NlCr+59nLnsVm9WYT7lXKwe4TC6bw=="
		},
		"strip-ansi": {
			"version": "3.0.1",
			"resolved": "https://registry.npmjs.org/strip-ansi/-/strip-ansi-3.0.1.tgz",
			"integrity": "sha512-VhumSSbBqDTP8p2ZLKj40UjBCV4+v8bUSEpUb4KjRgWk9pbqGF4REFj6KEagidb2f/M6AzC0EmFyDNGaw9OCzg==",
			"requires": {
				"ansi-regex": "^2.0.0"
			}
		},
		"strip-bom": {
			"version": "4.0.0",
			"resolved": "https://registry.npmjs.org/strip-bom/-/strip-bom-4.0.0.tgz",
			"integrity": "sha512-3xurFv5tEgii33Zi8Jtp55wEIILR9eh34FAW00PZf+JnSsTmV/ioewSgQl97JHvgjoRGwPShsWm+IdrxB35d0w=="
		},
		"strip-json-comments": {
			"version": "2.0.1",
			"resolved": "https://registry.npmjs.org/strip-json-comments/-/strip-json-comments-2.0.1.tgz",
			"integrity": "sha512-4gB8na07fecVVkOI6Rs4e7T6NOTki5EmL7TUduTs6bu3EdnSycntVJ4re8kgZA+wx9IueI2Y11bfbgwtzuE0KQ=="
		},
		"supports-color": {
			"version": "2.0.0",
			"resolved": "https://registry.npmjs.org/supports-color/-/supports-color-2.0.0.tgz",
			"integrity": "sha512-KKNVtd6pCYgPIKU4cp2733HWYCpplQhddZLBUryaAHou723x+FRzQ5Df824Fj+IyyuiQTRoub4SnIFfIcrp70g=="
		},
		"universalify": {
			"version": "0.1.2",
			"resolved": "https://registry.npmjs.org/universalify/-/universalify-0.1.2.tgz",
			"integrity": "sha512-rBJeI5CXAlmy1pV+617WB9J63U6XcazHHF2f2dbJix4XzpUF0RS3Zbj0FGIOCAva5P/d/GBOYaACQ1w+0azUkg=="
		},
		"validate-npm-package-name": {
			"version": "3.0.0",
			"resolved": "https://registry.npmjs.org/validate-npm-package-name/-/validate-npm-package-name-3.0.0.tgz",
			"integrity": "sha512-M6w37eVCMMouJ9V/sdPGnC5H4uDr73/+xdq0FBLO3TFFX1+7wiUY6Es328NN+y43tmY+doUdN9g9J21vqB7iLw==",
			"requires": {
				"builtins": "^1.0.3"
			}
		},
		"webpack-merge": {
			"version": "4.2.2",
			"resolved": "https://registry.npmjs.org/webpack-merge/-/webpack-merge-4.2.2.tgz",
			"integrity": "sha512-TUE1UGoTX2Cd42j3krGYqObZbOD+xF7u28WB7tfUordytSjbWTIjK/8V0amkBfTYN4/pB/GIDlJZZ657BGG19g==",
			"requires": {
				"lodash": "^4.17.15"
			}
		},
		"yallist": {
			"version": "2.1.2",
			"resolved": "https://registry.npmjs.org/yallist/-/yallist-2.1.2.tgz",
			"integrity": "sha512-ncTzHV7NvsQZkYe1DW7cbDLm0YpzHmZF5r/iyP3ZnQtMiJ+pjzisCiMNI+Sj+xQF5pXhSHxSB3uDbsBTzY/c2A=="
		},
		"yaml": {
			"version": "2.1.3",
			"resolved": "https://registry.npmjs.org/yaml/-/yaml-2.1.3.tgz",
			"integrity": "sha512-AacA8nRULjKMX2DvWvOAdBZMOfQlypSFkjcOcu9FalllIDJ1kvlREzcdIZmidQUqqeMv7jorHjq2HlLv/+c2lg=="
		}
	}
}
