{
	"name": "mrm-task-lint-staged",
	"version": "3.1.0",
	"lockfileVersion": 2,
	"requires": true,
	"packages": {
		"": {
			"version": "3.1.0",
			"license": "MIT",
			"dependencies": {
				"lodash": "^4.17.15"
			},
			"engines": {
				"node": ">=8.9"
			}
		},
		"node_modules/lodash": {
			"version": "4.17.19",
			"resolved": "https://registry.npmjs.org/lodash/-/lodash-4.17.19.tgz",
			"integrity": "sha512-JNvd8XER9GQX0v2qJgsaN/mzFCNA5BRe/j8JN9d+tWyGLSodKQHKFicdwNYzWwI3wjRnaKPsGj1XkBjx/F96DQ=="
		}
	},
	"dependencies": {
		"lodash": {
			"version": "4.17.19",
			"resolved": "https://registry.npmjs.org/lodash/-/lodash-4.17.19.tgz",
			"integrity": "sha512-JNvd8XER9GQX0v2qJgsaN/mzFCNA5BRe/j8JN9d+tWyGLSodKQHKFicdwNYzWwI3wjRnaKPsGj1XkBjx/F96DQ=="
		}
	}
}
