{
  "name": "mrm-task-prettier",
  "version": "3.0.2",
  "lockfileVersion": 1,
  "requires": true,
  "dependencies": {
    "editorconfig-to-prettier": {
      "version": "0.1.1",
      "resolved": "https://registry.npmjs.org/editorconfig-to-prettier/-/editorconfig-to-prettier-0.1.1.tgz",
      "integrity": "sha512-MMadSSVRDb4uKdxV6bCXXN4cTsxIsXYtV4XdPu6FOCSAw6zsCIDA+QEktEU+u6h+c/mTrul5NR+pwFpPxwetiQ=="
    },
    "lodash": {
      "version": "4.17.15",
      "resolved": "https://registry.npmjs.org/lodash/-/lodash-4.17.15.tgz",
      "integrity": "sha512-8xOcRHvCjnocdS5cpwXQXVzmmh5e5+saE2QGoeQmbKmRS6J3VQppPOIt0MnmE+4xlZoumy0GPG0D0MVIQbNA1A=="
    }
  }
}
