{
  "name": "mrm-task-prettier",
  "version": "4.0.7",
  "lockfileVersion": 1,
  "requires": true,
  "dependencies": {
    "editorconfig-to-prettier": {
      "version": "0.1.1",
      "resolved": "https://registry.npmjs.org/editorconfig-to-prettier/-/editorconfig-to-prettier-0.1.1.tgz",
      "integrity": "sha512-MMadSSVRDb4uKdxV6bCXXN4cTsxIsXYtV4XdPu6FOCSAw6zsCIDA+QEktEU+u6h+c/mTrul5NR+pwFpPxwetiQ=="
    },
    "lodash": {
      "version": "4.17.19",
      "resolved": "https://registry.npmjs.org/lodash/-/lodash-4.17.19.tgz",
      "integrity": "sha512-JNvd8XER9GQX0v2qJgsaN/mzFCNA5BRe/j8JN9d+tWyGLSodKQHKFicdwNYzWwI3wjRnaKPsGj1XkBjx/F96DQ=="
    }
  }
}
